# This file is automatically @generated by pesde.
# It is not intended for manual editing.
format = 2
name = "riptide/core"
version = "0.8.1"
target = "roblox"

[graph."itsfrank/frktest@0.0.4 luau"]
direct = ["frktest", { name = "itsfrank/frktest", version = "^0.0.4", index = "default", target = "luau" }, "dev"]

[graph."itsfrank/frktest@0.0.4 luau".pkg_ref]
ref_ty = "pesde"
index_url = "https://github.com/pesde-pkg/index"
